// !$*UTF8*$!
{
	archiveVersion = 1;
	classes = {
	};
	objectVersion = 46;
	objects = {

/* Begin PBXBuildFile section */
		4E1F1F381ED63C6F00FE3356 /* main.m in Sources */ = {isa = PBXBuildFile; fileRef = 4E1F1F371ED63C6F00FE3356 /* main.m */; };
		4E1F1F3B1ED63C6F00FE3356 /* AppDelegate.m in Sources */ = {isa = PBXBuildFile; fileRef = 4E1F1F3A1ED63C6F00FE3356 /* AppDelegate.m */; };
		4E1F1F411ED63C6F00FE3356 /* Main.storyboard in Resources */ = {isa = PBXBuildFile; fileRef = 4E1F1F3F1ED63C6F00FE3356 /* Main.storyboard */; };
		4E1F1F431ED63C6F00FE3356 /* Assets.xcassets in Resources */ = {isa = PBXBuildFile; fileRef = 4E1F1F421ED63C6F00FE3356 /* Assets.xcassets */; };
		4E1F1F461ED63C6F00FE3356 /* LaunchScreen.storyboard in Resources */ = {isa = PBXBuildFile; fileRef = 4E1F1F441ED63C6F00FE3356 /* LaunchScreen.storyboard */; };
		4E1F1F511ED63C6F00FE3356 /* HampiTests.m in Sources */ = {isa = PBXBuildFile; fileRef = 4E1F1F501ED63C6F00FE3356 /* HampiTests.m */; };
		4E1F1F5C1ED63C6F00FE3356 /* HampiUITests.m in Sources */ = {isa = PBXBuildFile; fileRef = 4E1F1F5B1ED63C6F00FE3356 /* HampiUITests.m */; };
		4E1F1F8E1ED640B700FE3356 /* GoogleService-Info.plist in Resources */ = {isa = PBXBuildFile; fileRef = 4E1F1F8D1ED640B700FE3356 /* GoogleService-Info.plist */; };
		4E31A4461ED64801002FC24F /* HMPFirebase.framework in Frameworks */ = {isa = PBXBuildFile; fileRef = 4E31A43D1ED64800002FC24F /* HMPFirebase.framework */; };
		4E31A44D1ED64801002FC24F /* HMPFirebaseTests.m in Sources */ = {isa = PBXBuildFile; fileRef = 4E31A44C1ED64801002FC24F /* HMPFirebaseTests.m */; };
		4E31A44F1ED64801002FC24F /* HMPFirebase.h in Headers */ = {isa = PBXBuildFile; fileRef = 4E31A43F1ED64800002FC24F /* HMPFirebase.h */; settings = {ATTRIBUTES = (Public, ); }; };
		4E31A4521ED64801002FC24F /* HMPFirebase.framework in Frameworks */ = {isa = PBXBuildFile; fileRef = 4E31A43D1ED64800002FC24F /* HMPFirebase.framework */; };
		4E31A4531ED64801002FC24F /* HMPFirebase.framework in Embed Frameworks */ = {isa = PBXBuildFile; fileRef = 4E31A43D1ED64800002FC24F /* HMPFirebase.framework */; settings = {ATTRIBUTES = (CodeSignOnCopy, RemoveHeadersOnCopy, ); }; };
		4E31A45C1ED64823002FC24F /* HMPFAuth.h in Headers */ = {isa = PBXBuildFile; fileRef = 4E31A45A1ED64823002FC24F /* HMPFAuth.h */; settings = {ATTRIBUTES = (Public, ); }; };
		4E31A45D1ED64823002FC24F /* HMPFAuth.m in Sources */ = {isa = PBXBuildFile; fileRef = 4E31A45B1ED64823002FC24F /* HMPFAuth.m */; };
/* End PBXBuildFile section */

/* Begin PBXContainerItemProxy section */
		4E1F1F4D1ED63C6F00FE3356 /* PBXContainerItemProxy */ = {
			isa = PBXContainerItemProxy;
			containerPortal = 4E1F1F2B1ED63C6F00FE3356 /* Project object */;
			proxyType = 1;
			remoteGlobalIDString = 4E1F1F321ED63C6F00FE3356;
			remoteInfo = Hampi;
		};
		4E1F1F581ED63C6F00FE3356 /* PBXContainerItemProxy */ = {
			isa = PBXContainerItemProxy;
			containerPortal = 4E1F1F2B1ED63C6F00FE3356 /* Project object */;
			proxyType = 1;
			remoteGlobalIDString = 4E1F1F321ED63C6F00FE3356;
			remoteInfo = Hampi;
		};
		4E31A4471ED64801002FC24F /* PBXContainerItemProxy */ = {
			isa = PBXContainerItemProxy;
			containerPortal = 4E1F1F2B1ED63C6F00FE3356 /* Project object */;
			proxyType = 1;
			remoteGlobalIDString = 4E31A43C1ED64800002FC24F;
			remoteInfo = HMPFirebase;
		};
		4E31A4491ED64801002FC24F /* PBXContainerItemProxy */ = {
			isa = PBXContainerItemProxy;
			containerPortal = 4E1F1F2B1ED63C6F00FE3356 /* Project object */;
			proxyType = 1;
			remoteGlobalIDString = 4E1F1F321ED63C6F00FE3356;
			remoteInfo = Hampi;
		};
		4E31A4501ED64801002FC24F /* PBXContainerItemProxy */ = {
			isa = PBXContainerItemProxy;
			containerPortal = 4E1F1F2B1ED63C6F00FE3356 /* Project object */;
			proxyType = 1;
			remoteGlobalIDString = 4E31A43C1ED64800002FC24F;
			remoteInfo = HMPFirebase;
		};
/* End PBXContainerItemProxy section */

/* Begin PBXCopyFilesBuildPhase section */
		4E1F1F8A1ED6404800FE3356 /* Embed Frameworks */ = {
			isa = PBXCopyFilesBuildPhase;
			buildActionMask = 2147483647;
			dstPath = "";
			dstSubfolderSpec = 10;
			files = (
				4E31A4531ED64801002FC24F /* HMPFirebase.framework in Embed Frameworks */,
			);
			name = "Embed Frameworks";
			runOnlyForDeploymentPostprocessing = 0;
		};
/* End PBXCopyFilesBuildPhase section */

/* Begin PBXFileReference section */
		1813403A000A302067AED957 /* Pods-HMPFirebase.debug.xcconfig */ = {isa = PBXFileReference; includeInIndex = 1; lastKnownFileType = text.xcconfig; name = "Pods-HMPFirebase.debug.xcconfig"; path = "Pods/Target Support Files/Pods-HMPFirebase/Pods-HMPFirebase.debug.xcconfig"; sourceTree = "<group>"; };
		4E1F1F331ED63C6F00FE3356 /* Hampi.app */ = {isa = PBXFileReference; explicitFileType = wrapper.application; includeInIndex = 0; path = Hampi.app; sourceTree = BUILT_PRODUCTS_DIR; };
		4E1F1F371ED63C6F00FE3356 /* main.m */ = {isa = PBXFileReference; lastKnownFileType = sourcecode.c.objc; path = main.m; sourceTree = "<group>"; };
		4E1F1F391ED63C6F00FE3356 /* AppDelegate.h */ = {isa = PBXFileReference; lastKnownFileType = sourcecode.c.h; path = AppDelegate.h; sourceTree = "<group>"; };
		4E1F1F3A1ED63C6F00FE3356 /* AppDelegate.m */ = {isa = PBXFileReference; lastKnownFileType = sourcecode.c.objc; path = AppDelegate.m; sourceTree = "<group>"; };
		4E1F1F401ED63C6F00FE3356 /* Base */ = {isa = PBXFileReference; lastKnownFileType = file.storyboard; name = Base; path = Base.lproj/Main.storyboard; sourceTree = "<group>"; };
		4E1F1F421ED63C6F00FE3356 /* Assets.xcassets */ = {isa = PBXFileReference; lastKnownFileType = folder.assetcatalog; path = Assets.xcassets; sourceTree = "<group>"; };
		4E1F1F451ED63C6F00FE3356 /* Base */ = {isa = PBXFileReference; lastKnownFileType = file.storyboard; name = Base; path = Base.lproj/LaunchScreen.storyboard; sourceTree = "<group>"; };
		4E1F1F471ED63C6F00FE3356 /* Info.plist */ = {isa = PBXFileReference; lastKnownFileType = text.plist.xml; path = Info.plist; sourceTree = "<group>"; };
		4E1F1F4C1ED63C6F00FE3356 /* HampiTests.xctest */ = {isa = PBXFileReference; explicitFileType = wrapper.cfbundle; includeInIndex = 0; path = HampiTests.xctest; sourceTree = BUILT_PRODUCTS_DIR; };
		4E1F1F501ED63C6F00FE3356 /* HampiTests.m */ = {isa = PBXFileReference; lastKnownFileType = sourcecode.c.objc; path = HampiTests.m; sourceTree = "<group>"; };
		4E1F1F521ED63C6F00FE3356 /* Info.plist */ = {isa = PBXFileReference; lastKnownFileType = text.plist.xml; path = Info.plist; sourceTree = "<group>"; };
		4E1F1F571ED63C6F00FE3356 /* HampiUITests.xctest */ = {isa = PBXFileReference; explicitFileType = wrapper.cfbundle; includeInIndex = 0; path = HampiUITests.xctest; sourceTree = BUILT_PRODUCTS_DIR; };
		4E1F1F5B1ED63C6F00FE3356 /* HampiUITests.m */ = {isa = PBXFileReference; lastKnownFileType = sourcecode.c.objc; path = HampiUITests.m; sourceTree = "<group>"; };
		4E1F1F5D1ED63C6F00FE3356 /* Info.plist */ = {isa = PBXFileReference; lastKnownFileType = text.plist.xml; path = Info.plist; sourceTree = "<group>"; };
		4E1F1F8D1ED640B700FE3356 /* GoogleService-Info.plist */ = {isa = PBXFileReference; fileEncoding = 4; lastKnownFileType = text.plist.xml; name = "GoogleService-Info.plist"; path = "Support/GoogleService-Info.plist"; sourceTree = "<group>"; };
		4E31A43D1ED64800002FC24F /* HMPFirebase.framework */ = {isa = PBXFileReference; explicitFileType = wrapper.framework; includeInIndex = 0; path = HMPFirebase.framework; sourceTree = BUILT_PRODUCTS_DIR; };
		4E31A43F1ED64800002FC24F /* HMPFirebase.h */ = {isa = PBXFileReference; lastKnownFileType = sourcecode.c.h; path = HMPFirebase.h; sourceTree = "<group>"; };
		4E31A4401ED64800002FC24F /* Info.plist */ = {isa = PBXFileReference; lastKnownFileType = text.plist.xml; path = Info.plist; sourceTree = "<group>"; };
		4E31A4451ED64801002FC24F /* HMPFirebaseTests.xctest */ = {isa = PBXFileReference; explicitFileType = wrapper.cfbundle; includeInIndex = 0; path = HMPFirebaseTests.xctest; sourceTree = BUILT_PRODUCTS_DIR; };
		4E31A44C1ED64801002FC24F /* HMPFirebaseTests.m */ = {isa = PBXFileReference; lastKnownFileType = sourcecode.c.objc; path = HMPFirebaseTests.m; sourceTree = "<group>"; };
		4E31A44E1ED64801002FC24F /* Info.plist */ = {isa = PBXFileReference; lastKnownFileType = text.plist.xml; path = Info.plist; sourceTree = "<group>"; };
		4E31A45A1ED64823002FC24F /* HMPFAuth.h */ = {isa = PBXFileReference; fileEncoding = 4; lastKnownFileType = sourcecode.c.h; path = HMPFAuth.h; sourceTree = "<group>"; };
		4E31A45B1ED64823002FC24F /* HMPFAuth.m */ = {isa = PBXFileReference; fileEncoding = 4; lastKnownFileType = sourcecode.c.objc; path = HMPFAuth.m; sourceTree = "<group>"; };
		5DFE4B075C022DE905CE5969 /* Pods-HMPFirebase.release.xcconfig */ = {isa = PBXFileReference; includeInIndex = 1; lastKnownFileType = text.xcconfig; name = "Pods-HMPFirebase.release.xcconfig"; path = "Pods/Target Support Files/Pods-HMPFirebase/Pods-HMPFirebase.release.xcconfig"; sourceTree = "<group>"; };
		8F21F5D6FDFD26BF2AACE87F /* Pods_Hampi.framework */ = {isa = PBXFileReference; explicitFileType = wrapper.framework; includeInIndex = 0; path = Pods_Hampi.framework; sourceTree = BUILT_PRODUCTS_DIR; };
		F7D8E62AA99072D80C157CDD /* Pods_HMPFirebase.framework */ = {isa = PBXFileReference; explicitFileType = wrapper.framework; includeInIndex = 0; path = Pods_HMPFirebase.framework; sourceTree = BUILT_PRODUCTS_DIR; };
/* End PBXFileReference section */

/* Begin PBXFrameworksBuildPhase section */
		4E1F1F301ED63C6F00FE3356 /* Frameworks */ = {
			isa = PBXFrameworksBuildPhase;
			buildActionMask = 2147483647;
			files = (
				4E31A4521ED64801002FC24F /* HMPFirebase.framework in Frameworks */,
			);
			runOnlyForDeploymentPostprocessing = 0;
		};
		4E1F1F491ED63C6F00FE3356 /* Frameworks */ = {
			isa = PBXFrameworksBuildPhase;
			buildActionMask = 2147483647;
			files = (
			);
			runOnlyForDeploymentPostprocessing = 0;
		};
		4E1F1F541ED63C6F00FE3356 /* Frameworks */ = {
			isa = PBXFrameworksBuildPhase;
			buildActionMask = 2147483647;
			files = (
			);
			runOnlyForDeploymentPostprocessing = 0;
		};
		4E31A4391ED64800002FC24F /* Frameworks */ = {
			isa = PBXFrameworksBuildPhase;
			buildActionMask = 2147483647;
			files = (
			);
			runOnlyForDeploymentPostprocessing = 0;
		};
		4E31A4421ED64801002FC24F /* Frameworks */ = {
			isa = PBXFrameworksBuildPhase;
			buildActionMask = 2147483647;
			files = (
				4E31A4461ED64801002FC24F /* HMPFirebase.framework in Frameworks */,
			);
			runOnlyForDeploymentPostprocessing = 0;
		};
/* End PBXFrameworksBuildPhase section */

/* Begin PBXGroup section */
		4E1F1F2A1ED63C6F00FE3356 = {
			isa = PBXGroup;
			children = (
				4E1F1F351ED63C6F00FE3356 /* Hampi */,
				4E1F1F4F1ED63C6F00FE3356 /* HampiTests */,
				4E1F1F5A1ED63C6F00FE3356 /* HampiUITests */,
				4E31A43E1ED64800002FC24F /* HMPFirebase */,
				4E31A44B1ED64801002FC24F /* HMPFirebaseTests */,
				4E1F1F341ED63C6F00FE3356 /* Products */,
				70BD51959E2485135B6F52EF /* Pods */,
				7779F882646B72C7D77C8AFE /* Frameworks */,
			);
			sourceTree = "<group>";
		};
		4E1F1F341ED63C6F00FE3356 /* Products */ = {
			isa = PBXGroup;
			children = (
				4E1F1F331ED63C6F00FE3356 /* Hampi.app */,
				4E1F1F4C1ED63C6F00FE3356 /* HampiTests.xctest */,
				4E1F1F571ED63C6F00FE3356 /* HampiUITests.xctest */,
				4E31A43D1ED64800002FC24F /* HMPFirebase.framework */,
				4E31A4451ED64801002FC24F /* HMPFirebaseTests.xctest */,
			);
			name = Products;
			sourceTree = "<group>";
		};
		4E1F1F351ED63C6F00FE3356 /* Hampi */ = {
			isa = PBXGroup;
			children = (
				4E1F1F391ED63C6F00FE3356 /* AppDelegate.h */,
				4E1F1F3A1ED63C6F00FE3356 /* AppDelegate.m */,
				4E1F1F8C1ED6408700FE3356 /* Support */,
				4E1F1F361ED63C6F00FE3356 /* Supporting Files */,
			);
			path = Hampi;
			sourceTree = "<group>";
		};
		4E1F1F361ED63C6F00FE3356 /* Supporting Files */ = {
			isa = PBXGroup;
			children = (
				4E1F1F371ED63C6F00FE3356 /* main.m */,
			);
			name = "Supporting Files";
			sourceTree = "<group>";
		};
		4E1F1F4F1ED63C6F00FE3356 /* HampiTests */ = {
			isa = PBXGroup;
			children = (
				4E1F1F501ED63C6F00FE3356 /* HampiTests.m */,
				4E1F1F521ED63C6F00FE3356 /* Info.plist */,
			);
			path = HampiTests;
			sourceTree = "<group>";
		};
		4E1F1F5A1ED63C6F00FE3356 /* HampiUITests */ = {
			isa = PBXGroup;
			children = (
				4E1F1F5B1ED63C6F00FE3356 /* HampiUITests.m */,
				4E1F1F5D1ED63C6F00FE3356 /* Info.plist */,
			);
			path = HampiUITests;
			sourceTree = "<group>";
		};
		4E1F1F8C1ED6408700FE3356 /* Support */ = {
			isa = PBXGroup;
			children = (
				4E1F1F8D1ED640B700FE3356 /* GoogleService-Info.plist */,
				4E1F1F3F1ED63C6F00FE3356 /* Main.storyboard */,
				4E1F1F421ED63C6F00FE3356 /* Assets.xcassets */,
				4E1F1F441ED63C6F00FE3356 /* LaunchScreen.storyboard */,
				4E1F1F471ED63C6F00FE3356 /* Info.plist */,
			);
			name = Support;
			sourceTree = "<group>";
		};
		4E31A43E1ED64800002FC24F /* HMPFirebase */ = {
			isa = PBXGroup;
			children = (
				4E31A43F1ED64800002FC24F /* HMPFirebase.h */,
				4E31A4401ED64800002FC24F /* Info.plist */,
				4E31A45A1ED64823002FC24F /* HMPFAuth.h */,
				4E31A45B1ED64823002FC24F /* HMPFAuth.m */,
			);
			path = HMPFirebase;
			sourceTree = "<group>";
		};
		4E31A44B1ED64801002FC24F /* HMPFirebaseTests */ = {
			isa = PBXGroup;
			children = (
				4E31A44C1ED64801002FC24F /* HMPFirebaseTests.m */,
				4E31A44E1ED64801002FC24F /* Info.plist */,
			);
			path = HMPFirebaseTests;
			sourceTree = "<group>";
		};
		70BD51959E2485135B6F52EF /* Pods */ = {
			isa = PBXGroup;
			children = (
				1813403A000A302067AED957 /* Pods-HMPFirebase.debug.xcconfig */,
				5DFE4B075C022DE905CE5969 /* Pods-HMPFirebase.release.xcconfig */,
			);
			name = Pods;
			sourceTree = "<group>";
		};
		7779F882646B72C7D77C8AFE /* Frameworks */ = {
			isa = PBXGroup;
			children = (
				8F21F5D6FDFD26BF2AACE87F /* Pods_Hampi.framework */,
				F7D8E62AA99072D80C157CDD /* Pods_HMPFirebase.framework */,
			);
			name = Frameworks;
			sourceTree = "<group>";
		};
/* End PBXGroup section */

/* Begin PBXHeadersBuildPhase section */
		4E31A43A1ED64800002FC24F /* Headers */ = {
			isa = PBXHeadersBuildPhase;
			buildActionMask = 2147483647;
			files = (
				4E31A44F1ED64801002FC24F /* HMPFirebase.h in Headers */,
				4E31A45C1ED64823002FC24F /* HMPFAuth.h in Headers */,
			);
			runOnlyForDeploymentPostprocessing = 0;
		};
/* End PBXHeadersBuildPhase section */

/* Begin PBXNativeTarget section */
		4E1F1F321ED63C6F00FE3356 /* Hampi */ = {
			isa = PBXNativeTarget;
			buildConfigurationList = 4E1F1F601ED63C6F00FE3356 /* Build configuration list for PBXNativeTarget "Hampi" */;
			buildPhases = (
				4E1F1F2F1ED63C6F00FE3356 /* Sources */,
				4E1F1F301ED63C6F00FE3356 /* Frameworks */,
				4E1F1F311ED63C6F00FE3356 /* Resources */,
				4E1F1F8A1ED6404800FE3356 /* Embed Frameworks */,
			);
			buildRules = (
			);
			dependencies = (
				4E31A4511ED64801002FC24F /* PBXTargetDependency */,
			);
			name = Hampi;
			productName = Hampi;
			productReference = 4E1F1F331ED63C6F00FE3356 /* Hampi.app */;
			productType = "com.apple.product-type.application";
		};
		4E1F1F4B1ED63C6F00FE3356 /* HampiTests */ = {
			isa = PBXNativeTarget;
			buildConfigurationList = 4E1F1F631ED63C6F00FE3356 /* Build configuration list for PBXNativeTarget "HampiTests" */;
			buildPhases = (
				4E1F1F481ED63C6F00FE3356 /* Sources */,
				4E1F1F491ED63C6F00FE3356 /* Frameworks */,
				4E1F1F4A1ED63C6F00FE3356 /* Resources */,
			);
			buildRules = (
			);
			dependencies = (
				4E1F1F4E1ED63C6F00FE3356 /* PBXTargetDependency */,
			);
			name = HampiTests;
			productName = HampiTests;
			productReference = 4E1F1F4C1ED63C6F00FE3356 /* HampiTests.xctest */;
			productType = "com.apple.product-type.bundle.unit-test";
		};
		4E1F1F561ED63C6F00FE3356 /* HampiUITests */ = {
			isa = PBXNativeTarget;
			buildConfigurationList = 4E1F1F661ED63C6F00FE3356 /* Build configuration list for PBXNativeTarget "HampiUITests" */;
			buildPhases = (
				4E1F1F531ED63C6F00FE3356 /* Sources */,
				4E1F1F541ED63C6F00FE3356 /* Frameworks */,
				4E1F1F551ED63C6F00FE3356 /* Resources */,
			);
			buildRules = (
			);
			dependencies = (
				4E1F1F591ED63C6F00FE3356 /* PBXTargetDependency */,
			);
			name = HampiUITests;
			productName = HampiUITests;
			productReference = 4E1F1F571ED63C6F00FE3356 /* HampiUITests.xctest */;
			productType = "com.apple.product-type.bundle.ui-testing";
		};
		4E31A43C1ED64800002FC24F /* HMPFirebase */ = {
			isa = PBXNativeTarget;
			buildConfigurationList = 4E31A4541ED64801002FC24F /* Build configuration list for PBXNativeTarget "HMPFirebase" */;
			buildPhases = (
				4E31A4381ED64800002FC24F /* Sources */,
				4E31A4391ED64800002FC24F /* Frameworks */,
				4E31A43A1ED64800002FC24F /* Headers */,
				4E31A43B1ED64800002FC24F /* Resources */,
			);
			buildRules = (
			);
			dependencies = (
			);
			name = HMPFirebase;
			productName = HMPFirebase;
			productReference = 4E31A43D1ED64800002FC24F /* HMPFirebase.framework */;
			productType = "com.apple.product-type.framework";
		};
		4E31A4441ED64801002FC24F /* HMPFirebaseTests */ = {
			isa = PBXNativeTarget;
			buildConfigurationList = 4E31A4571ED64801002FC24F /* Build configuration list for PBXNativeTarget "HMPFirebaseTests" */;
			buildPhases = (
				4E31A4411ED64801002FC24F /* Sources */,
				4E31A4421ED64801002FC24F /* Frameworks */,
				4E31A4431ED64801002FC24F /* Resources */,
			);
			buildRules = (
			);
			dependencies = (
				4E31A4481ED64801002FC24F /* PBXTargetDependency */,
				4E31A44A1ED64801002FC24F /* PBXTargetDependency */,
			);
			name = HMPFirebaseTests;
			productName = HMPFirebaseTests;
			productReference = 4E31A4451ED64801002FC24F /* HMPFirebaseTests.xctest */;
			productType = "com.apple.product-type.bundle.unit-test";
		};
/* End PBXNativeTarget section */

/* Begin PBXProject section */
		4E1F1F2B1ED63C6F00FE3356 /* Project object */ = {
			isa = PBXProject;
			attributes = {
				LastUpgradeCheck = 0830;
				ORGANIZATIONNAME = com.hamp;
				TargetAttributes = {
					4E1F1F321ED63C6F00FE3356 = {
						CreatedOnToolsVersion = 8.3.2;
						DevelopmentTeam = U9QF88MGC2;
						ProvisioningStyle = Automatic;
					};
					4E1F1F4B1ED63C6F00FE3356 = {
						CreatedOnToolsVersion = 8.3.2;
						DevelopmentTeam = U9QF88MGC2;
						ProvisioningStyle = Automatic;
						TestTargetID = 4E1F1F321ED63C6F00FE3356;
					};
					4E1F1F561ED63C6F00FE3356 = {
						CreatedOnToolsVersion = 8.3.2;
						DevelopmentTeam = U9QF88MGC2;
						ProvisioningStyle = Automatic;
						TestTargetID = 4E1F1F321ED63C6F00FE3356;
					};
					4E31A43C1ED64800002FC24F = {
						CreatedOnToolsVersion = 8.3.2;
						DevelopmentTeam = U9QF88MGC2;
						ProvisioningStyle = Automatic;
					};
					4E31A4441ED64801002FC24F = {
						CreatedOnToolsVersion = 8.3.2;
						DevelopmentTeam = U9QF88MGC2;
						ProvisioningStyle = Automatic;
						TestTargetID = 4E1F1F321ED63C6F00FE3356;
					};
				};
			};
			buildConfigurationList = 4E1F1F2E1ED63C6F00FE3356 /* Build configuration list for PBXProject "Hampi" */;
			compatibilityVersion = "Xcode 3.2";
			developmentRegion = English;
			hasScannedForEncodings = 0;
			knownRegions = (
				en,
				Base,
			);
			mainGroup = 4E1F1F2A1ED63C6F00FE3356;
			productRefGroup = 4E1F1F341ED63C6F00FE3356 /* Products */;
			projectDirPath = "";
			projectRoot = "";
			targets = (
				4E1F1F321ED63C6F00FE3356 /* Hampi */,
				4E1F1F4B1ED63C6F00FE3356 /* HampiTests */,
				4E1F1F561ED63C6F00FE3356 /* HampiUITests */,
				4E31A43C1ED64800002FC24F /* HMPFirebase */,
				4E31A4441ED64801002FC24F /* HMPFirebaseTests */,
			);
		};
/* End PBXProject section */

/* Begin PBXResourcesBuildPhase section */
		4E1F1F311ED63C6F00FE3356 /* Resources */ = {
			isa = PBXResourcesBuildPhase;
			buildActionMask = 2147483647;
			files = (
				4E1F1F461ED63C6F00FE3356 /* LaunchScreen.storyboard in Resources */,
				4E1F1F8E1ED640B700FE3356 /* GoogleService-Info.plist in Resources */,
				4E1F1F431ED63C6F00FE3356 /* Assets.xcassets in Resources */,
				4E1F1F411ED63C6F00FE3356 /* Main.storyboard in Resources */,
			);
			runOnlyForDeploymentPostprocessing = 0;
		};
		4E1F1F4A1ED63C6F00FE3356 /* Resources */ = {
			isa = PBXResourcesBuildPhase;
			buildActionMask = 2147483647;
			files = (
			);
			runOnlyForDeploymentPostprocessing = 0;
		};
		4E1F1F551ED63C6F00FE3356 /* Resources */ = {
			isa = PBXResourcesBuildPhase;
			buildActionMask = 2147483647;
			files = (
			);
			runOnlyForDeploymentPostprocessing = 0;
		};
		4E31A43B1ED64800002FC24F /* Resources */ = {
			isa = PBXResourcesBuildPhase;
			buildActionMask = 2147483647;
			files = (
			);
			runOnlyForDeploymentPostprocessing = 0;
		};
		4E31A4431ED64801002FC24F /* Resources */ = {
			isa = PBXResourcesBuildPhase;
			buildActionMask = 2147483647;
			files = (
			);
			runOnlyForDeploymentPostprocessing = 0;
		};
/* End PBXResourcesBuildPhase section */

/* Begin PBXSourcesBuildPhase section */
		4E1F1F2F1ED63C6F00FE3356 /* Sources */ = {
			isa = PBXSourcesBuildPhase;
			buildActionMask = 2147483647;
			files = (
				4E1F1F3B1ED63C6F00FE3356 /* AppDelegate.m in Sources */,
				4E1F1F381ED63C6F00FE3356 /* main.m in Sources */,
			);
			runOnlyForDeploymentPostprocessing = 0;
		};
		4E1F1F481ED63C6F00FE3356 /* Sources */ = {
			isa = PBXSourcesBuildPhase;
			buildActionMask = 2147483647;
			files = (
				4E1F1F511ED63C6F00FE3356 /* HampiTests.m in Sources */,
			);
			runOnlyForDeploymentPostprocessing = 0;
		};
		4E1F1F531ED63C6F00FE3356 /* Sources */ = {
			isa = PBXSourcesBuildPhase;
			buildActionMask = 2147483647;
			files = (
				4E1F1F5C1ED63C6F00FE3356 /* HampiUITests.m in Sources */,
			);
			runOnlyForDeploymentPostprocessing = 0;
		};
		4E31A4381ED64800002FC24F /* Sources */ = {
			isa = PBXSourcesBuildPhase;
			buildActionMask = 2147483647;
			files = (
				4E31A45D1ED64823002FC24F /* HMPFAuth.m in Sources */,
			);
			runOnlyForDeploymentPostprocessing = 0;
		};
		4E31A4411ED64801002FC24F /* Sources */ = {
			isa = PBXSourcesBuildPhase;
			buildActionMask = 2147483647;
			files = (
				4E31A44D1ED64801002FC24F /* HMPFirebaseTests.m in Sources */,
			);
			runOnlyForDeploymentPostprocessing = 0;
		};
/* End PBXSourcesBuildPhase section */

/* Begin PBXTargetDependency section */
		4E1F1F4E1ED63C6F00FE3356 /* PBXTargetDependency */ = {
			isa = PBXTargetDependency;
			target = 4E1F1F321ED63C6F00FE3356 /* Hampi */;
			targetProxy = 4E1F1F4D1ED63C6F00FE3356 /* PBXContainerItemProxy */;
		};
		4E1F1F591ED63C6F00FE3356 /* PBXTargetDependency */ = {
			isa = PBXTargetDependency;
			target = 4E1F1F321ED63C6F00FE3356 /* Hampi */;
			targetProxy = 4E1F1F581ED63C6F00FE3356 /* PBXContainerItemProxy */;
		};
		4E31A4481ED64801002FC24F /* PBXTargetDependency */ = {
			isa = PBXTargetDependency;
			target = 4E31A43C1ED64800002FC24F /* HMPFirebase */;
			targetProxy = 4E31A4471ED64801002FC24F /* PBXContainerItemProxy */;
		};
		4E31A44A1ED64801002FC24F /* PBXTargetDependency */ = {
			isa = PBXTargetDependency;
			target = 4E1F1F321ED63C6F00FE3356 /* Hampi */;
			targetProxy = 4E31A4491ED64801002FC24F /* PBXContainerItemProxy */;
		};
		4E31A4511ED64801002FC24F /* PBXTargetDependency */ = {
			isa = PBXTargetDependency;
			target = 4E31A43C1ED64800002FC24F /* HMPFirebase */;
			targetProxy = 4E31A4501ED64801002FC24F /* PBXContainerItemProxy */;
		};
/* End PBXTargetDependency section */

/* Begin PBXVariantGroup section */
		4E1F1F3F1ED63C6F00FE3356 /* Main.storyboard */ = {
			isa = PBXVariantGroup;
			children = (
				4E1F1F401ED63C6F00FE3356 /* Base */,
			);
			name = Main.storyboard;
			sourceTree = "<group>";
		};
		4E1F1F441ED63C6F00FE3356 /* LaunchScreen.storyboard */ = {
			isa = PBXVariantGroup;
			children = (
				4E1F1F451ED63C6F00FE3356 /* Base */,
			);
			name = LaunchScreen.storyboard;
			sourceTree = "<group>";
		};
/* End PBXVariantGroup section */

/* Begin XCBuildConfiguration section */
		4E1F1F5E1ED63C6F00FE3356 /* Debug */ = {
			isa = XCBuildConfiguration;
			buildSettings = {
				ALWAYS_SEARCH_USER_PATHS = NO;
				CLANG_ANALYZER_NONNULL = YES;
				CLANG_ANALYZER_NUMBER_OBJECT_CONVERSION = YES_AGGRESSIVE;
				CLANG_CXX_LANGUAGE_STANDARD = "gnu++0x";
				CLANG_CXX_LIBRARY = "libc++";
				CLANG_ENABLE_MODULES = YES;
				CLANG_ENABLE_OBJC_ARC = YES;
				CLANG_WARN_BOOL_CONVERSION = YES;
				CLANG_WARN_CONSTANT_CONVERSION = YES;
				CLANG_WARN_DIRECT_OBJC_ISA_USAGE = YES_ERROR;
				CLANG_WARN_DOCUMENTATION_COMMENTS = YES;
				CLANG_WARN_EMPTY_BODY = YES;
				CLANG_WARN_ENUM_CONVERSION = YES;
				CLANG_WARN_INFINITE_RECURSION = YES;
				CLANG_WARN_INT_CONVERSION = YES;
				CLANG_WARN_OBJC_ROOT_CLASS = YES_ERROR;
				CLANG_WARN_SUSPICIOUS_MOVE = YES;
				CLANG_WARN_UNREACHABLE_CODE = YES;
				CLANG_WARN__DUPLICATE_METHOD_MATCH = YES;
				"CODE_SIGN_IDENTITY[sdk=iphoneos*]" = "iPhone Developer";
				COPY_PHASE_STRIP = NO;
				DEBUG_INFORMATION_FORMAT = dwarf;
				ENABLE_STRICT_OBJC_MSGSEND = YES;
				ENABLE_TESTABILITY = YES;
				GCC_C_LANGUAGE_STANDARD = gnu99;
				GCC_DYNAMIC_NO_PIC = NO;
				GCC_NO_COMMON_BLOCKS = YES;
				GCC_OPTIMIZATION_LEVEL = 0;
				GCC_PREPROCESSOR_DEFINITIONS = (
					"DEBUG=1",
					"$(inherited)",
				);
				GCC_WARN_64_TO_32_BIT_CONVERSION = YES;
				GCC_WARN_ABOUT_RETURN_TYPE = YES_ERROR;
				GCC_WARN_UNDECLARED_SELECTOR = YES;
				GCC_WARN_UNINITIALIZED_AUTOS = YES_AGGRESSIVE;
				GCC_WARN_UNUSED_FUNCTION = YES;
				GCC_WARN_UNUSED_VARIABLE = YES;
				IPHONEOS_DEPLOYMENT_TARGET = 10.3;
				MTL_ENABLE_DEBUG_INFO = YES;
				ONLY_ACTIVE_ARCH = YES;
				SDKROOT = iphoneos;
				TARGETED_DEVICE_FAMILY = "1,2";
			};
			name = Debug;
		};
		4E1F1F5F1ED63C6F00FE3356 /* Release */ = {
			isa = XCBuildConfiguration;
			buildSettings = {
				ALWAYS_SEARCH_USER_PATHS = NO;
				CLANG_ANALYZER_NONNULL = YES;
				CLANG_ANALYZER_NUMBER_OBJECT_CONVERSION = YES_AGGRESSIVE;
				CLANG_CXX_LANGUAGE_STANDARD = "gnu++0x";
				CLANG_CXX_LIBRARY = "libc++";
				CLANG_ENABLE_MODULES = YES;
				CLANG_ENABLE_OBJC_ARC = YES;
				CLANG_WARN_BOOL_CONVERSION = YES;
				CLANG_WARN_CONSTANT_CONVERSION = YES;
				CLANG_WARN_DIRECT_OBJC_ISA_USAGE = YES_ERROR;
				CLANG_WARN_DOCUMENTATION_COMMENTS = YES;
				CLANG_WARN_EMPTY_BODY = YES;
				CLANG_WARN_ENUM_CONVERSION = YES;
				CLANG_WARN_INFINITE_RECURSION = YES;
				CLANG_WARN_INT_CONVERSION = YES;
				CLANG_WARN_OBJC_ROOT_CLASS = YES_ERROR;
				CLANG_WARN_SUSPICIOUS_MOVE = YES;
				CLANG_WARN_UNREACHABLE_CODE = YES;
				CLANG_WARN__DUPLICATE_METHOD_MATCH = YES;
				"CODE_SIGN_IDENTITY[sdk=iphoneos*]" = "iPhone Developer";
				COPY_PHASE_STRIP = NO;
				DEBUG_INFORMATION_FORMAT = "dwarf-with-dsym";
				ENABLE_NS_ASSERTIONS = NO;
				ENABLE_STRICT_OBJC_MSGSEND = YES;
				GCC_C_LANGUAGE_STANDARD = gnu99;
				GCC_NO_COMMON_BLOCKS = YES;
				GCC_WARN_64_TO_32_BIT_CONVERSION = YES;
				GCC_WARN_ABOUT_RETURN_TYPE = YES_ERROR;
				GCC_WARN_UNDECLARED_SELECTOR = YES;
				GCC_WARN_UNINITIALIZED_AUTOS = YES_AGGRESSIVE;
				GCC_WARN_UNUSED_FUNCTION = YES;
				GCC_WARN_UNUSED_VARIABLE = YES;
				IPHONEOS_DEPLOYMENT_TARGET = 10.3;
				MTL_ENABLE_DEBUG_INFO = NO;
				SDKROOT = iphoneos;
				TARGETED_DEVICE_FAMILY = "1,2";
				VALIDATE_PRODUCT = YES;
			};
			name = Release;
		};
		4E1F1F611ED63C6F00FE3356 /* Debug */ = {
			isa = XCBuildConfiguration;
			buildSettings = {
				ASSETCATALOG_COMPILER_APPICON_NAME = AppIcon;
				CLANG_ALLOW_NON_MODULAR_INCLUDES_IN_FRAMEWORK_MODULES = YES;
				DEVELOPMENT_TEAM = U9QF88MGC2;
				INFOPLIST_FILE = Hampi/Info.plist;
				LD_RUNPATH_SEARCH_PATHS = "$(inherited) @executable_path/Frameworks";
				PRODUCT_BUNDLE_IDENTIFIER = NSBeard.Hampi;
				PRODUCT_NAME = "$(TARGET_NAME)";
			};
			name = Debug;
		};
		4E1F1F621ED63C6F00FE3356 /* Release */ = {
			isa = XCBuildConfiguration;
			buildSettings = {
				ASSETCATALOG_COMPILER_APPICON_NAME = AppIcon;
				CLANG_ALLOW_NON_MODULAR_INCLUDES_IN_FRAMEWORK_MODULES = YES;
				DEVELOPMENT_TEAM = U9QF88MGC2;
				INFOPLIST_FILE = Hampi/Info.plist;
				LD_RUNPATH_SEARCH_PATHS = "$(inherited) @executable_path/Frameworks";
				PRODUCT_BUNDLE_IDENTIFIER = NSBeard.Hampi;
				PRODUCT_NAME = "$(TARGET_NAME)";
			};
			name = Release;
		};
		4E1F1F641ED63C6F00FE3356 /* Debug */ = {
			isa = XCBuildConfiguration;
			buildSettings = {
				BUNDLE_LOADER = "$(TEST_HOST)";
				DEVELOPMENT_TEAM = U9QF88MGC2;
				INFOPLIST_FILE = HampiTests/Info.plist;
				LD_RUNPATH_SEARCH_PATHS = "$(inherited) @executable_path/Frameworks @loader_path/Frameworks";
				PRODUCT_BUNDLE_IDENTIFIER = NSBeard.HampiTests;
				PRODUCT_NAME = "$(TARGET_NAME)";
				TEST_HOST = "$(BUILT_PRODUCTS_DIR)/Hampi.app/Hampi";
			};
			name = Debug;
		};
		4E1F1F651ED63C6F00FE3356 /* Release */ = {
			isa = XCBuildConfiguration;
			buildSettings = {
				BUNDLE_LOADER = "$(TEST_HOST)";
				DEVELOPMENT_TEAM = U9QF88MGC2;
				INFOPLIST_FILE = HampiTests/Info.plist;
				LD_RUNPATH_SEARCH_PATHS = "$(inherited) @executable_path/Frameworks @loader_path/Frameworks";
				PRODUCT_BUNDLE_IDENTIFIER = NSBeard.HampiTests;
				PRODUCT_NAME = "$(TARGET_NAME)";
				TEST_HOST = "$(BUILT_PRODUCTS_DIR)/Hampi.app/Hampi";
			};
			name = Release;
		};
		4E1F1F671ED63C6F00FE3356 /* Debug */ = {
			isa = XCBuildConfiguration;
			buildSettings = {
				DEVELOPMENT_TEAM = U9QF88MGC2;
				INFOPLIST_FILE = HampiUITests/Info.plist;
				LD_RUNPATH_SEARCH_PATHS = "$(inherited) @executable_path/Frameworks @loader_path/Frameworks";
				PRODUCT_BUNDLE_IDENTIFIER = NSBeard.HampiUITests;
				PRODUCT_NAME = "$(TARGET_NAME)";
				TEST_TARGET_NAME = Hampi;
			};
			name = Debug;
		};
		4E1F1F681ED63C6F00FE3356 /* Release */ = {
			isa = XCBuildConfiguration;
			buildSettings = {
				DEVELOPMENT_TEAM = U9QF88MGC2;
				INFOPLIST_FILE = HampiUITests/Info.plist;
				LD_RUNPATH_SEARCH_PATHS = "$(inherited) @executable_path/Frameworks @loader_path/Frameworks";
				PRODUCT_BUNDLE_IDENTIFIER = NSBeard.HampiUITests;
				PRODUCT_NAME = "$(TARGET_NAME)";
				TEST_TARGET_NAME = Hampi;
			};
			name = Release;
		};
		4E31A4551ED64801002FC24F /* Debug */ = {
			isa = XCBuildConfiguration;
			buildSettings = {
				CODE_SIGN_IDENTITY = "";
				CURRENT_PROJECT_VERSION = 1;
				DEFINES_MODULE = YES;
				DEVELOPMENT_TEAM = U9QF88MGC2;
				DYLIB_COMPATIBILITY_VERSION = 1;
				DYLIB_CURRENT_VERSION = 1;
				DYLIB_INSTALL_NAME_BASE = "@rpath";
				INFOPLIST_FILE = HMPFirebase/Info.plist;
				INSTALL_PATH = "$(LOCAL_LIBRARY_DIR)/Frameworks";
				LD_RUNPATH_SEARCH_PATHS = "$(inherited) @executable_path/Frameworks @loader_path/Frameworks";
				PRODUCT_BUNDLE_IDENTIFIER = Hamp.HMPFirebase;
				PRODUCT_NAME = "$(TARGET_NAME)";
				SKIP_INSTALL = YES;
				VERSIONING_SYSTEM = "apple-generic";
				VERSION_INFO_PREFIX = "";
			};
			name = Debug;
		};
		4E31A4561ED64801002FC24F /* Release */ = {
			isa = XCBuildConfiguration;
			buildSettings = {
				CODE_SIGN_IDENTITY = "";
				CURRENT_PROJECT_VERSION = 1;
				DEFINES_MODULE = YES;
				DEVELOPMENT_TEAM = U9QF88MGC2;
				DYLIB_COMPATIBILITY_VERSION = 1;
				DYLIB_CURRENT_VERSION = 1;
				DYLIB_INSTALL_NAME_BASE = "@rpath";
				INFOPLIST_FILE = HMPFirebase/Info.plist;
				INSTALL_PATH = "$(LOCAL_LIBRARY_DIR)/Frameworks";
				LD_RUNPATH_SEARCH_PATHS = "$(inherited) @executable_path/Frameworks @loader_path/Frameworks";
				PRODUCT_BUNDLE_IDENTIFIER = Hamp.HMPFirebase;
				PRODUCT_NAME = "$(TARGET_NAME)";
				SKIP_INSTALL = YES;
				VERSIONING_SYSTEM = "apple-generic";
				VERSION_INFO_PREFIX = "";
			};
			name = Release;
		};
		4E31A4581ED64801002FC24F /* Debug */ = {
			isa = XCBuildConfiguration;
			buildSettings = {
				DEVELOPMENT_TEAM = U9QF88MGC2;
				INFOPLIST_FILE = HMPFirebaseTests/Info.plist;
				LD_RUNPATH_SEARCH_PATHS = "$(inherited) @executable_path/Frameworks @loader_path/Frameworks";
				PRODUCT_BUNDLE_IDENTIFIER = Hamp.HMPFirebaseTests;
				PRODUCT_NAME = "$(TARGET_NAME)";
				TEST_HOST = "$(BUILT_PRODUCTS_DIR)/Hampi.app/Hampi";
			};
			name = Debug;
		};
		4E31A4591ED64801002FC24F /* Release */ = {
			isa = XCBuildConfiguration;
			buildSettings = {
				DEVELOPMENT_TEAM = U9QF88MGC2;
				INFOPLIST_FILE = HMPFirebaseTests/Info.plist;
				LD_RUNPATH_SEARCH_PATHS = "$(inherited) @executable_path/Frameworks @loader_path/Frameworks";
				PRODUCT_BUNDLE_IDENTIFIER = Hamp.HMPFirebaseTests;
				PRODUCT_NAME = "$(TARGET_NAME)";
				TEST_HOST = "$(BUILT_PRODUCTS_DIR)/Hampi.app/Hampi";
			};
			name = Release;
		};
/* End XCBuildConfiguration section */

/* Begin XCConfigurationList section */
		4E1F1F2E1ED63C6F00FE3356 /* Build configuration list for PBXProject "Hampi" */ = {
			isa = XCConfigurationList;
			buildConfigurations = (
				4E1F1F5E1ED63C6F00FE3356 /* Debug */,
				4E1F1F5F1ED63C6F00FE3356 /* Release */,
			);
			defaultConfigurationIsVisible = 0;
			defaultConfigurationName = Release;
		};
		4E1F1F601ED63C6F00FE3356 /* Build configuration list for PBXNativeTarget "Hampi" */ = {
			isa = XCConfigurationList;
			buildConfigurations = (
				4E1F1F611ED63C6F00FE3356 /* Debug */,
				4E1F1F621ED63C6F00FE3356 /* Release */,
			);
			defaultConfigurationIsVisible = 0;
			defaultConfigurationName = Release;
		};
		4E1F1F631ED63C6F00FE3356 /* Build configuration list for PBXNativeTarget "HampiTests" */ = {
			isa = XCConfigurationList;
			buildConfigurations = (
				4E1F1F641ED63C6F00FE3356 /* Debug */,
				4E1F1F651ED63C6F00FE3356 /* Release */,
			);
			defaultConfigurationIsVisible = 0;
			defaultConfigurationName = Release;
		};
		4E1F1F661ED63C6F00FE3356 /* Build configuration list for PBXNativeTarget "HampiUITests" */ = {
			isa = XCConfigurationList;
			buildConfigurations = (
				4E1F1F671ED63C6F00FE3356 /* Debug */,
				4E1F1F681ED63C6F00FE3356 /* Release */,
			);
			defaultConfigurationIsVisible = 0;
			defaultConfigurationName = Release;
		};
		4E31A4541ED64801002FC24F /* Build configuration list for PBXNativeTarget "HMPFirebase" */ = {
			isa = XCConfigurationList;
			buildConfigurations = (
				4E31A4551ED64801002FC24F /* Debug */,
				4E31A4561ED64801002FC24F /* Release */,
			);
			defaultConfigurationIsVisible = 0;
		};
		4E31A4571ED64801002FC24F /* Build configuration list for PBXNativeTarget "HMPFirebaseTests" */ = {
			isa = XCConfigurationList;
			buildConfigurations = (
				4E31A4581ED64801002FC24F /* Debug */,
				4E31A4591ED64801002FC24F /* Release */,
			);
			defaultConfigurationIsVisible = 0;
		};
/* End XCConfigurationList section */
	};
	rootObject = 4E1F1F2B1ED63C6F00FE3356 /* Project object */;
}
